# This file is automatically @generated by Cargo.
# It is not intended for manual editing.
version = 3

[[package]]
name = "escw-example"
version = "0.1.0"
dependencies = [
 "escw-mcu",
 "escw-mcu-stm32",
]

[[package]]
name = "escw-mcu"
version = "0.1.0"

[[package]]
name = "escw-mcu-stm32"
version = "0.1.0"
dependencies = [
 "escw-mcu",
]
